
Microsoft Visual Studio Solution File, Format Version 12.00
# Visual Studio Version 17
VisualStudioVersion = 17.14.36212.18 d17.14
MinimumVisualStudioVersion = 10.0.40219.1
Project("{FAE04EC0-301F-11D3-BF4B-00C04F79EFBC}") = "Cycles", "ConsoleApp1\Cycles.csproj", "{657C9494-C30F-426A-851F-57E9D5F4F6B3}"
EndProject
Global
	GlobalSection(SolutionConfigurationPlatforms) = preSolution
		Debug|Any CPU = Debug|Any CPU
		Release|Any CPU = Release|Any CPU
	EndGlobalSection
	GlobalSection(ProjectConfigurationPlatforms) = postSolution
		{657C9494-C30F-426A-851F-57E9D5F4F6B3}.Debug|Any CPU.ActiveCfg = Debug|Any CPU
		{657C9494-C30F-426A-851F-57E9D5F4F6B3}.Debug|Any CPU.Build.0 = Debug|Any CPU
		{657C9494-C30F-426A-851F-57E9D5F4F6B3}.Release|Any CPU.ActiveCfg = Release|Any CPU
		{657C9494-C30F-426A-851F-57E9D5F4F6B3}.Release|Any CPU.Build.0 = Release|Any CPU
	EndGlobalSection
	GlobalSection(SolutionProperties) = preSolution
		HideSolutionNode = FALSE
	EndGlobalSection
	GlobalSection(ExtensibilityGlobals) = postSolution
		SolutionGuid = {8AB67CF0-7471-4F13-B4A6-EDF3314516BC}
	EndGlobalSection
EndGlobal
